
Microsoft Visual Studio Solution File, Format Version 12.00
Project("{FAE04EC0-301F-11D3-BF4B-00C04F79EFBC}") = "DAL", "DAL.csproj", "{BC15C0F3-5792-4E7F-A8C9-2EA249F93494}"
EndProject
Global
	GlobalSection(SolutionConfigurationPlatforms) = preSolution
		Debug|Any CPU = Debug|Any CPU
		Release|Any CPU = Release|Any CPU
	EndGlobalSection
	GlobalSection(ProjectConfigurationPlatforms) = postSolution
		{BC15C0F3-5792-4E7F-A8C9-2EA249F93494}.Debug|Any CPU.ActiveCfg = Debug|Any CPU
		{BC15C0F3-5792-4E7F-A8C9-2EA249F93494}.Debug|Any CPU.Build.0 = Debug|Any CPU
		{BC15C0F3-5792-4E7F-A8C9-2EA249F93494}.Release|Any CPU.ActiveCfg = Release|Any CPU
		{BC15C0F3-5792-4E7F-A8C9-2EA249F93494}.Release|Any CPU.Build.0 = Release|Any CPU
	EndGlobalSection
EndGlobal
